
Microsoft Visual Studio Solution File, Format Version 12.00
# Visual Studio Version 17
VisualStudioVersion = 17.4.33403.182
MinimumVisualStudioVersion = 10.0.40219.1
Project("{9A19103F-16F7-4668-BE54-9A1E7A4F7556}") = "API", "API\API.csproj", "{D204C161-18DA-4D79-A309-E8103951F407}"
EndProject
Project("{FAE04EC0-301F-11D3-BF4B-00C04F79EFBC}") = "StudentApp", "StudentApp\StudentApp.csproj", "{B4071796-1990-4396-80D0-7E4A7C25DB8A}"
EndProject
Global
	GlobalSection(SolutionConfigurationPlatforms) = preSolution
		Debug|Any CPU = Debug|Any CPU
		Release|Any CPU = Release|Any CPU
	EndGlobalSection
	GlobalSection(ProjectConfigurationPlatforms) = postSolution
		{D204C161-18DA-4D79-A309-E8103951F407}.Debug|Any CPU.ActiveCfg = Debug|Any CPU
		{D204C161-18DA-4D79-A309-E8103951F407}.Debug|Any CPU.Build.0 = Debug|Any CPU
		{D204C161-18DA-4D79-A309-E8103951F407}.Release|Any CPU.ActiveCfg = Release|Any CPU
		{D204C161-18DA-4D79-A309-E8103951F407}.Release|Any CPU.Build.0 = Release|Any CPU
		{B4071796-1990-4396-80D0-7E4A7C25DB8A}.Debug|Any CPU.ActiveCfg = Debug|Any CPU
		{B4071796-1990-4396-80D0-7E4A7C25DB8A}.Debug|Any CPU.Build.0 = Debug|Any CPU
		{B4071796-1990-4396-80D0-7E4A7C25DB8A}.Release|Any CPU.ActiveCfg = Release|Any CPU
		{B4071796-1990-4396-80D0-7E4A7C25DB8A}.Release|Any CPU.Build.0 = Release|Any CPU
	EndGlobalSection
	GlobalSection(SolutionProperties) = preSolution
		HideSolutionNode = FALSE
	EndGlobalSection
	GlobalSection(ExtensibilityGlobals) = postSolution
		SolutionGuid = {94B1881E-0A6C-4C63-B938-087E8769923A}
	EndGlobalSection
EndGlobal
